// !$*UTF8*$!
{
	archiveVersion = 1;
	classes = {
	};
	objectVersion = 50;
	objects = {

/* Begin PBXBuildFile section */
		54F7D55420F415FC00DAC502 /* AppDelegate.m in Sources */ = {isa = PBXBuildFile; fileRef = 54F7D55320F415FC00DAC502 /* AppDelegate.m */; };
		54F7D55A20F415FC00DAC502 /* Main.storyboard in Resources */ = {isa = PBXBuildFile; fileRef = 54F7D55820F415FC00DAC502 /* Main.storyboard */; };
		54F7D55C20F415FD00DAC502 /* Assets.xcassets in Resources */ = {isa = PBXBuildFile; fileRef = 54F7D55B20F415FD00DAC502 /* Assets.xcassets */; };
		54F7D55F20F415FD00DAC502 /* LaunchScreen.storyboard in Resources */ = {isa = PBXBuildFile; fileRef = 54F7D55D20F415FD00DAC502 /* LaunchScreen.storyboard */; };
		54F7D56220F415FD00DAC502 /* main.m in Sources */ = {isa = PBXBuildFile; fileRef = 54F7D56120F415FD00DAC502 /* main.m */; };
		54F7D56C20F415FD00DAC502 /* instagramCloneTests.m in Sources */ = {isa = PBXBuildFile; fileRef = 54F7D56B20F415FD00DAC502 /* instagramCloneTests.m */; };
		54F7D57720F415FD00DAC502 /* instagramCloneUITests.m in Sources */ = {isa = PBXBuildFile; fileRef = 54F7D57620F415FD00DAC502 /* instagramCloneUITests.m */; };
		54F7D58C20F420F400DAC502 /* loginViewController.m in Sources */ = {isa = PBXBuildFile; fileRef = 54F7D58B20F420F400DAC502 /* loginViewController.m */; };
		54F7D58F20F42C9200DAC502 /* HomeViewController.m in Sources */ = {isa = PBXBuildFile; fileRef = 54F7D58E20F42C9200DAC502 /* HomeViewController.m */; };
		54F7D59220F4335600DAC502 /* CameraViewController.m in Sources */ = {isa = PBXBuildFile; fileRef = 54F7D59120F4335600DAC502 /* CameraViewController.m */; };
		54F7D59820F4366900DAC502 /* PicCell.m in Sources */ = {isa = PBXBuildFile; fileRef = 54F7D59720F4366900DAC502 /* PicCell.m */; };
		54F7D59B20F5296100DAC502 /* Post.m in Sources */ = {isa = PBXBuildFile; fileRef = 54F7D59A20F5296100DAC502 /* Post.m */; };
		54F7D59E20F58B9100DAC502 /* DetailsViewController.m in Sources */ = {isa = PBXBuildFile; fileRef = 54F7D59D20F58B9100DAC502 /* DetailsViewController.m */; };
		86E1D84315341B651899C80E /* libPods-instagramClone.a in Frameworks */ = {isa = PBXBuildFile; fileRef = CC584CA3390EA6BF9BC89B26 /* libPods-instagramClone.a */; };
		8A286A5FEBB68D0B84A5F773 /* libPods-instagramCloneTests.a in Frameworks */ = {isa = PBXBuildFile; fileRef = 478E7C70761A62A5F35A2DBC /* libPods-instagramCloneTests.a */; };
		96F2948596E059E474651D63 /* libPods-instagramCloneUITests.a in Frameworks */ = {isa = PBXBuildFile; fileRef = 0AC2390C2C64C3FA38366A7D /* libPods-instagramCloneUITests.a */; };
/* End PBXBuildFile section */

/* Begin PBXContainerItemProxy section */
		54F7D56820F415FD00DAC502 /* PBXContainerItemProxy */ = {
			isa = PBXContainerItemProxy;
			containerPortal = 54F7D54720F415FC00DAC502 /* Project object */;
			proxyType = 1;
			remoteGlobalIDString = 54F7D54E20F415FC00DAC502;
			remoteInfo = instagramClone;
		};
		54F7D57320F415FD00DAC502 /* PBXContainerItemProxy */ = {
			isa = PBXContainerItemProxy;
			containerPortal = 54F7D54720F415FC00DAC502 /* Project object */;
			proxyType = 1;
			remoteGlobalIDString = 54F7D54E20F415FC00DAC502;
			remoteInfo = instagramClone;
		};
/* End PBXContainerItemProxy section */

/* Begin PBXFileReference section */
		0AC2390C2C64C3FA38366A7D /* libPods-instagramCloneUITests.a */ = {isa = PBXFileReference; explicitFileType = archive.ar; includeInIndex = 0; path = "libPods-instagramCloneUITests.a"; sourceTree = BUILT_PRODUCTS_DIR; };
		478E7C70761A62A5F35A2DBC /* libPods-instagramCloneTests.a */ = {isa = PBXFileReference; explicitFileType = archive.ar; includeInIndex = 0; path = "libPods-instagramCloneTests.a"; sourceTree = BUILT_PRODUCTS_DIR; };
		4FD61CF8B7C470218ABE4970 /* Pods-instagramCloneUITests.debug.xcconfig */ = {isa = PBXFileReference; includeInIndex = 1; lastKnownFileType = text.xcconfig; name = "Pods-instagramCloneUITests.debug.xcconfig"; path = "Pods/Target Support Files/Pods-instagramCloneUITests/Pods-instagramCloneUITests.debug.xcconfig"; sourceTree = "<group>"; };
		548790EEADEB0EE37E833074 /* Pods-instagramCloneUITests.release.xcconfig */ = {isa = PBXFileReference; includeInIndex = 1; lastKnownFileType = text.xcconfig; name = "Pods-instagramCloneUITests.release.xcconfig"; path = "Pods/Target Support Files/Pods-instagramCloneUITests/Pods-instagramCloneUITests.release.xcconfig"; sourceTree = "<group>"; };
		54F7D54F20F415FC00DAC502 /* instagramClone.app */ = {isa = PBXFileReference; explicitFileType = wrapper.application; includeInIndex = 0; path = instagramClone.app; sourceTree = BUILT_PRODUCTS_DIR; };
		54F7D55220F415FC00DAC502 /* AppDelegate.h */ = {isa = PBXFileReference; lastKnownFileType = sourcecode.c.h; path = AppDelegate.h; sourceTree = "<group>"; };
		54F7D55320F415FC00DAC502 /* AppDelegate.m */ = {isa = PBXFileReference; lastKnownFileType = sourcecode.c.objc; path = AppDelegate.m; sourceTree = "<group>"; };
		54F7D55920F415FC00DAC502 /* Base */ = {isa = PBXFileReference; lastKnownFileType = file.storyboard; name = Base; path = Base.lproj/Main.storyboard; sourceTree = "<group>"; };
		54F7D55B20F415FD00DAC502 /* Assets.xcassets */ = {isa = PBXFileReference; lastKnownFileType = folder.assetcatalog; path = Assets.xcassets; sourceTree = "<group>"; };
		54F7D55E20F415FD00DAC502 /* Base */ = {isa = PBXFileReference; lastKnownFileType = file.storyboard; name = Base; path = Base.lproj/LaunchScreen.storyboard; sourceTree = "<group>"; };
		54F7D56020F415FD00DAC502 /* Info.plist */ = {isa = PBXFileReference; lastKnownFileType = text.plist.xml; path = Info.plist; sourceTree = "<group>"; };
		54F7D56120F415FD00DAC502 /* main.m */ = {isa = PBXFileReference; lastKnownFileType = sourcecode.c.objc; path = main.m; sourceTree = "<group>"; };
		54F7D56720F415FD00DAC502 /* instagramCloneTests.xctest */ = {isa = PBXFileReference; explicitFileType = wrapper.cfbundle; includeInIndex = 0; path = instagramCloneTests.xctest; sourceTree = BUILT_PRODUCTS_DIR; };
		54F7D56B20F415FD00DAC502 /* instagramCloneTests.m */ = {isa = PBXFileReference; lastKnownFileType = sourcecode.c.objc; path = instagramCloneTests.m; sourceTree = "<group>"; };
		54F7D56D20F415FD00DAC502 /* Info.plist */ = {isa = PBXFileReference; lastKnownFileType = text.plist.xml; path = Info.plist; sourceTree = "<group>"; };
		54F7D57220F415FD00DAC502 /* instagramCloneUITests.xctest */ = {isa = PBXFileReference; explicitFileType = wrapper.cfbundle; includeInIndex = 0; path = instagramCloneUITests.xctest; sourceTree = BUILT_PRODUCTS_DIR; };
		54F7D57620F415FD00DAC502 /* instagramCloneUITests.m */ = {isa = PBXFileReference; lastKnownFileType = sourcecode.c.objc; path = instagramCloneUITests.m; sourceTree = "<group>"; };
		54F7D57820F415FD00DAC502 /* Info.plist */ = {isa = PBXFileReference; lastKnownFileType = text.plist.xml; path = Info.plist; sourceTree = "<group>"; };
		54F7D58A20F420F400DAC502 /* loginViewController.h */ = {isa = PBXFileReference; lastKnownFileType = sourcecode.c.h; path = loginViewController.h; sourceTree = "<group>"; };
		54F7D58B20F420F400DAC502 /* loginViewController.m */ = {isa = PBXFileReference; lastKnownFileType = sourcecode.c.objc; path = loginViewController.m; sourceTree = "<group>"; };
		54F7D58D20F42C9200DAC502 /* HomeViewController.h */ = {isa = PBXFileReference; lastKnownFileType = sourcecode.c.h; path = HomeViewController.h; sourceTree = "<group>"; };
		54F7D58E20F42C9200DAC502 /* HomeViewController.m */ = {isa = PBXFileReference; lastKnownFileType = sourcecode.c.objc; path = HomeViewController.m; sourceTree = "<group>"; };
		54F7D59020F4335600DAC502 /* CameraViewController.h */ = {isa = PBXFileReference; lastKnownFileType = sourcecode.c.h; path = CameraViewController.h; sourceTree = "<group>"; };
		54F7D59120F4335600DAC502 /* CameraViewController.m */ = {isa = PBXFileReference; lastKnownFileType = sourcecode.c.objc; path = CameraViewController.m; sourceTree = "<group>"; };
		54F7D59620F4366900DAC502 /* PicCell.h */ = {isa = PBXFileReference; lastKnownFileType = sourcecode.c.h; path = PicCell.h; sourceTree = "<group>"; };
		54F7D59720F4366900DAC502 /* PicCell.m */ = {isa = PBXFileReference; lastKnownFileType = sourcecode.c.objc; path = PicCell.m; sourceTree = "<group>"; };
		54F7D59920F5296100DAC502 /* Post.h */ = {isa = PBXFileReference; lastKnownFileType = sourcecode.c.h; path = Post.h; sourceTree = "<group>"; };
		54F7D59A20F5296100DAC502 /* Post.m */ = {isa = PBXFileReference; lastKnownFileType = sourcecode.c.objc; path = Post.m; sourceTree = "<group>"; };
		54F7D59C20F58B9100DAC502 /* DetailsViewController.h */ = {isa = PBXFileReference; lastKnownFileType = sourcecode.c.h; path = DetailsViewController.h; sourceTree = "<group>"; };
		54F7D59D20F58B9100DAC502 /* DetailsViewController.m */ = {isa = PBXFileReference; lastKnownFileType = sourcecode.c.objc; path = DetailsViewController.m; sourceTree = "<group>"; };
		5E3C7661C1715FFE3BBAD7B2 /* Pods-instagramCloneTests.debug.xcconfig */ = {isa = PBXFileReference; includeInIndex = 1; lastKnownFileType = text.xcconfig; name = "Pods-instagramCloneTests.debug.xcconfig"; path = "Pods/Target Support Files/Pods-instagramCloneTests/Pods-instagramCloneTests.debug.xcconfig"; sourceTree = "<group>"; };
		6754AD22E20DB6FCAF949499 /* Pods-instagramCloneTests.release.xcconfig */ = {isa = PBXFileReference; includeInIndex = 1; lastKnownFileType = text.xcconfig; name = "Pods-instagramCloneTests.release.xcconfig"; path = "Pods/Target Support Files/Pods-instagramCloneTests/Pods-instagramCloneTests.release.xcconfig"; sourceTree = "<group>"; };
		78EA6DE523902196B8CD8A36 /* Pods-instagramClone.debug.xcconfig */ = {isa = PBXFileReference; includeInIndex = 1; lastKnownFileType = text.xcconfig; name = "Pods-instagramClone.debug.xcconfig"; path = "Pods/Target Support Files/Pods-instagramClone/Pods-instagramClone.debug.xcconfig"; sourceTree = "<group>"; };
		89DB4562EDDCFED9A83550F9 /* Pods-instagramClone.release.xcconfig */ = {isa = PBXFileReference; includeInIndex = 1; lastKnownFileType = text.xcconfig; name = "Pods-instagramClone.release.xcconfig"; path = "Pods/Target Support Files/Pods-instagramClone/Pods-instagramClone.release.xcconfig"; sourceTree = "<group>"; };
		CC584CA3390EA6BF9BC89B26 /* libPods-instagramClone.a */ = {isa = PBXFileReference; explicitFileType = archive.ar; includeInIndex = 0; path = "libPods-instagramClone.a"; sourceTree = BUILT_PRODUCTS_DIR; };
/* End PBXFileReference section */

/* Begin PBXFrameworksBuildPhase section */
		54F7D54C20F415FC00DAC502 /* Frameworks */ = {
			isa = PBXFrameworksBuildPhase;
			buildActionMask = 2147483647;
			files = (
				86E1D84315341B651899C80E /* libPods-instagramClone.a in Frameworks */,
			);
			runOnlyForDeploymentPostprocessing = 0;
		};
		54F7D56420F415FD00DAC502 /* Frameworks */ = {
			isa = PBXFrameworksBuildPhase;
			buildActionMask = 2147483647;
			files = (
				8A286A5FEBB68D0B84A5F773 /* libPods-instagramCloneTests.a in Frameworks */,
			);
			runOnlyForDeploymentPostprocessing = 0;
		};
		54F7D56F20F415FD00DAC502 /* Frameworks */ = {
			isa = PBXFrameworksBuildPhase;
			buildActionMask = 2147483647;
			files = (
				96F2948596E059E474651D63 /* libPods-instagramCloneUITests.a in Frameworks */,
			);
			runOnlyForDeploymentPostprocessing = 0;
		};
/* End PBXFrameworksBuildPhase section */

/* Begin PBXGroup section */
		54F7D54620F415FC00DAC502 = {
			isa = PBXGroup;
			children = (
				54F7D55120F415FC00DAC502 /* instagramClone */,
				54F7D56A20F415FD00DAC502 /* instagramCloneTests */,
				54F7D57520F415FD00DAC502 /* instagramCloneUITests */,
				54F7D55020F415FC00DAC502 /* Products */,
				68A87149563C8CFADA17C75D /* Pods */,
				AF0A80E66BDA935AA3D1CD6A /* Frameworks */,
			);
			sourceTree = "<group>";
		};
		54F7D55020F415FC00DAC502 /* Products */ = {
			isa = PBXGroup;
			children = (
				54F7D54F20F415FC00DAC502 /* instagramClone.app */,
				54F7D56720F415FD00DAC502 /* instagramCloneTests.xctest */,
				54F7D57220F415FD00DAC502 /* instagramCloneUITests.xctest */,
			);
			name = Products;
			sourceTree = "<group>";
		};
		54F7D55120F415FC00DAC502 /* instagramClone */ = {
			isa = PBXGroup;
			children = (
				54F7D58720F4208800DAC502 /* View Controllers */,
				54F7D58820F4209400DAC502 /* Views */,
				54F7D58920F420AB00DAC502 /* Models */,
			);
			path = instagramClone;
			sourceTree = "<group>";
		};
		54F7D56A20F415FD00DAC502 /* instagramCloneTests */ = {
			isa = PBXGroup;
			children = (
				54F7D56B20F415FD00DAC502 /* instagramCloneTests.m */,
				54F7D56D20F415FD00DAC502 /* Info.plist */,
			);
			path = instagramCloneTests;
			sourceTree = "<group>";
		};
		54F7D57520F415FD00DAC502 /* instagramCloneUITests */ = {
			isa = PBXGroup;
			children = (
				54F7D57620F415FD00DAC502 /* instagramCloneUITests.m */,
				54F7D57820F415FD00DAC502 /* Info.plist */,
			);
			path = instagramCloneUITests;
			sourceTree = "<group>";
		};
		54F7D58720F4208800DAC502 /* View Controllers */ = {
			isa = PBXGroup;
			children = (
				54F7D58A20F420F400DAC502 /* loginViewController.h */,
				54F7D58B20F420F400DAC502 /* loginViewController.m */,
				54F7D58D20F42C9200DAC502 /* HomeViewController.h */,
				54F7D58E20F42C9200DAC502 /* HomeViewController.m */,
				54F7D59020F4335600DAC502 /* CameraViewController.h */,
				54F7D59120F4335600DAC502 /* CameraViewController.m */,
				54F7D59C20F58B9100DAC502 /* DetailsViewController.h */,
				54F7D59D20F58B9100DAC502 /* DetailsViewController.m */,
			);
			path = "View Controllers";
			sourceTree = "<group>";
		};
		54F7D58820F4209400DAC502 /* Views */ = {
			isa = PBXGroup;
			children = (
				54F7D59620F4366900DAC502 /* PicCell.h */,
				54F7D59720F4366900DAC502 /* PicCell.m */,
				54F7D59920F5296100DAC502 /* Post.h */,
				54F7D59A20F5296100DAC502 /* Post.m */,
			);
			path = Views;
			sourceTree = "<group>";
		};
		54F7D58920F420AB00DAC502 /* Models */ = {
			isa = PBXGroup;
			children = (
				54F7D55220F415FC00DAC502 /* AppDelegate.h */,
				54F7D55320F415FC00DAC502 /* AppDelegate.m */,
				54F7D55820F415FC00DAC502 /* Main.storyboard */,
				54F7D55B20F415FD00DAC502 /* Assets.xcassets */,
				54F7D55D20F415FD00DAC502 /* LaunchScreen.storyboard */,
				54F7D56020F415FD00DAC502 /* Info.plist */,
				54F7D56120F415FD00DAC502 /* main.m */,
			);
			path = Models;
			sourceTree = "<group>";
		};
		68A87149563C8CFADA17C75D /* Pods */ = {
			isa = PBXGroup;
			children = (
				78EA6DE523902196B8CD8A36 /* Pods-instagramClone.debug.xcconfig */,
				89DB4562EDDCFED9A83550F9 /* Pods-instagramClone.release.xcconfig */,
				5E3C7661C1715FFE3BBAD7B2 /* Pods-instagramCloneTests.debug.xcconfig */,
				6754AD22E20DB6FCAF949499 /* Pods-instagramCloneTests.release.xcconfig */,
				4FD61CF8B7C470218ABE4970 /* Pods-instagramCloneUITests.debug.xcconfig */,
				548790EEADEB0EE37E833074 /* Pods-instagramCloneUITests.release.xcconfig */,
			);
			name = Pods;
			sourceTree = "<group>";
		};
		AF0A80E66BDA935AA3D1CD6A /* Frameworks */ = {
			isa = PBXGroup;
			children = (
				CC584CA3390EA6BF9BC89B26 /* libPods-instagramClone.a */,
				478E7C70761A62A5F35A2DBC /* libPods-instagramCloneTests.a */,
				0AC2390C2C64C3FA38366A7D /* libPods-instagramCloneUITests.a */,
			);
			name = Frameworks;
			sourceTree = "<group>";
		};
/* End PBXGroup section */

/* Begin PBXNativeTarget section */
		54F7D54E20F415FC00DAC502 /* instagramClone */ = {
			isa = PBXNativeTarget;
			buildConfigurationList = 54F7D57B20F415FD00DAC502 /* Build configuration list for PBXNativeTarget "instagramClone" */;
			buildPhases = (
				677CE5882EF50F7F71F5C317 /* [CP] Check Pods Manifest.lock */,
				54F7D54B20F415FC00DAC502 /* Sources */,
				54F7D54C20F415FC00DAC502 /* Frameworks */,
				54F7D54D20F415FC00DAC502 /* Resources */,
				8408F2BB33E756B91098BF83 /* [CP] Copy Pods Resources */,
			);
			buildRules = (
			);
			dependencies = (
			);
			name = instagramClone;
			productName = instagramClone;
			productReference = 54F7D54F20F415FC00DAC502 /* instagramClone.app */;
			productType = "com.apple.product-type.application";
		};
		54F7D56620F415FD00DAC502 /* instagramCloneTests */ = {
			isa = PBXNativeTarget;
			buildConfigurationList = 54F7D57E20F415FD00DAC502 /* Build configuration list for PBXNativeTarget "instagramCloneTests" */;
			buildPhases = (
				EC927637F2D685026547779C /* [CP] Check Pods Manifest.lock */,
				54F7D56320F415FD00DAC502 /* Sources */,
				54F7D56420F415FD00DAC502 /* Frameworks */,
				54F7D56520F415FD00DAC502 /* Resources */,
			);
			buildRules = (
			);
			dependencies = (
				54F7D56920F415FD00DAC502 /* PBXTargetDependency */,
			);
			name = instagramCloneTests;
			productName = instagramCloneTests;
			productReference = 54F7D56720F415FD00DAC502 /* instagramCloneTests.xctest */;
			productType = "com.apple.product-type.bundle.unit-test";
		};
		54F7D57120F415FD00DAC502 /* instagramCloneUITests */ = {
			isa = PBXNativeTarget;
			buildConfigurationList = 54F7D58120F415FD00DAC502 /* Build configuration list for PBXNativeTarget "instagramCloneUITests" */;
			buildPhases = (
				0DBA6D0507897E7BEFAEBF10 /* [CP] Check Pods Manifest.lock */,
				54F7D56E20F415FD00DAC502 /* Sources */,
				54F7D56F20F415FD00DAC502 /* Frameworks */,
				54F7D57020F415FD00DAC502 /* Resources */,
			);
			buildRules = (
			);
			dependencies = (
				54F7D57420F415FD00DAC502 /* PBXTargetDependency */,
			);
			name = instagramCloneUITests;
			productName = instagramCloneUITests;
			productReference = 54F7D57220F415FD00DAC502 /* instagramCloneUITests.xctest */;
			productType = "com.apple.product-type.bundle.ui-testing";
		};
/* End PBXNativeTarget section */

/* Begin PBXProject section */
		54F7D54720F415FC00DAC502 /* Project object */ = {
			isa = PBXProject;
			attributes = {
				LastUpgradeCheck = 0940;
				ORGANIZATIONNAME = "Gustavo Coutinho";
				TargetAttributes = {
					54F7D54E20F415FC00DAC502 = {
						CreatedOnToolsVersion = 9.4.1;
					};
					54F7D56620F415FD00DAC502 = {
						CreatedOnToolsVersion = 9.4.1;
						TestTargetID = 54F7D54E20F415FC00DAC502;
					};
					54F7D57120F415FD00DAC502 = {
						CreatedOnToolsVersion = 9.4.1;
						TestTargetID = 54F7D54E20F415FC00DAC502;
					};
				};
			};
			buildConfigurationList = 54F7D54A20F415FC00DAC502 /* Build configuration list for PBXProject "instagramClone" */;
			compatibilityVersion = "Xcode 9.3";
			developmentRegion = en;
			hasScannedForEncodings = 0;
			knownRegions = (
				en,
				Base,
			);
			mainGroup = 54F7D54620F415FC00DAC502;
			productRefGroup = 54F7D55020F415FC00DAC502 /* Products */;
			projectDirPath = "";
			projectRoot = "";
			targets = (
				54F7D54E20F415FC00DAC502 /* instagramClone */,
				54F7D56620F415FD00DAC502 /* instagramCloneTests */,
				54F7D57120F415FD00DAC502 /* instagramCloneUITests */,
			);
		};
/* End PBXProject section */

/* Begin PBXResourcesBuildPhase section */
		54F7D54D20F415FC00DAC502 /* Resources */ = {
			isa = PBXResourcesBuildPhase;
			buildActionMask = 2147483647;
			files = (
				54F7D55F20F415FD00DAC502 /* LaunchScreen.storyboard in Resources */,
				54F7D55C20F415FD00DAC502 /* Assets.xcassets in Resources */,
				54F7D55A20F415FC00DAC502 /* Main.storyboard in Resources */,
			);
			runOnlyForDeploymentPostprocessing = 0;
		};
		54F7D56520F415FD00DAC502 /* Resources */ = {
			isa = PBXResourcesBuildPhase;
			buildActionMask = 2147483647;
			files = (
			);
			runOnlyForDeploymentPostprocessing = 0;
		};
		54F7D57020F415FD00DAC502 /* Resources */ = {
			isa = PBXResourcesBuildPhase;
			buildActionMask = 2147483647;
			files = (
			);
			runOnlyForDeploymentPostprocessing = 0;
		};
/* End PBXResourcesBuildPhase section */

/* Begin PBXShellScriptBuildPhase section */
		0DBA6D0507897E7BEFAEBF10 /* [CP] Check Pods Manifest.lock */ = {
			isa = PBXShellScriptBuildPhase;
			buildActionMask = 2147483647;
			files = (
			);
			inputPaths = (
				"${PODS_PODFILE_DIR_PATH}/Podfile.lock",
				"${PODS_ROOT}/Manifest.lock",
			);
			name = "[CP] Check Pods Manifest.lock";
			outputPaths = (
				"$(DERIVED_FILE_DIR)/Pods-instagramCloneUITests-checkManifestLockResult.txt",
			);
			runOnlyForDeploymentPostprocessing = 0;
			shellPath = /bin/sh;
			shellScript = "diff \"${PODS_PODFILE_DIR_PATH}/Podfile.lock\" \"${PODS_ROOT}/Manifest.lock\" > /dev/null\nif [ $? != 0 ] ; then\n    # print error to STDERR\n    echo \"error: The sandbox is not in sync with the Podfile.lock. Run 'pod install' or update your CocoaPods installation.\" >&2\n    exit 1\nfi\n# This output is used by Xcode 'outputs' to avoid re-running this script phase.\necho \"SUCCESS\" > \"${SCRIPT_OUTPUT_FILE_0}\"\n";
			showEnvVarsInLog = 0;
		};
		677CE5882EF50F7F71F5C317 /* [CP] Check Pods Manifest.lock */ = {
			isa = PBXShellScriptBuildPhase;
			buildActionMask = 2147483647;
			files = (
			);
			inputPaths = (
				"${PODS_PODFILE_DIR_PATH}/Podfile.lock",
				"${PODS_ROOT}/Manifest.lock",
			);
			name = "[CP] Check Pods Manifest.lock";
			outputPaths = (
				"$(DERIVED_FILE_DIR)/Pods-instagramClone-checkManifestLockResult.txt",
			);
			runOnlyForDeploymentPostprocessing = 0;
			shellPath = /bin/sh;
			shellScript = "diff \"${PODS_PODFILE_DIR_PATH}/Podfile.lock\" \"${PODS_ROOT}/Manifest.lock\" > /dev/null\nif [ $? != 0 ] ; then\n    # print error to STDERR\n    echo \"error: The sandbox is not in sync with the Podfile.lock. Run 'pod install' or update your CocoaPods installation.\" >&2\n    exit 1\nfi\n# This output is used by Xcode 'outputs' to avoid re-running this script phase.\necho \"SUCCESS\" > \"${SCRIPT_OUTPUT_FILE_0}\"\n";
			showEnvVarsInLog = 0;
		};
		8408F2BB33E756B91098BF83 /* [CP] Copy Pods Resources */ = {
			isa = PBXShellScriptBuildPhase;
			buildActionMask = 2147483647;
			files = (
			);
			inputPaths = (
				"${SRCROOT}/Pods/Target Support Files/Pods-instagramClone/Pods-instagramClone-resources.sh",
				"${PODS_CONFIGURATION_BUILD_DIR}/Parse/Parse.bundle",
				"${PODS_ROOT}/ParseUI/ParseUI/Resources/Localization/en.lproj",
				"${PODS_ROOT}/ParseUI/ParseUI/Resources/Localization/fr.lproj",
				"${PODS_ROOT}/ParseUI/ParseUI/Resources/Localization/pt-BR.lproj",
			);
			name = "[CP] Copy Pods Resources";
			outputPaths = (
				"${TARGET_BUILD_DIR}/${UNLOCALIZED_RESOURCES_FOLDER_PATH}/Parse.bundle",
				"${TARGET_BUILD_DIR}/${UNLOCALIZED_RESOURCES_FOLDER_PATH}/en.lproj",
				"${TARGET_BUILD_DIR}/${UNLOCALIZED_RESOURCES_FOLDER_PATH}/fr.lproj",
				"${TARGET_BUILD_DIR}/${UNLOCALIZED_RESOURCES_FOLDER_PATH}/pt-BR.lproj",
			);
			runOnlyForDeploymentPostprocessing = 0;
			shellPath = /bin/sh;
			shellScript = "\"${SRCROOT}/Pods/Target Support Files/Pods-instagramClone/Pods-instagramClone-resources.sh\"\n";
			showEnvVarsInLog = 0;
		};
		EC927637F2D685026547779C /* [CP] Check Pods Manifest.lock */ = {
			isa = PBXShellScriptBuildPhase;
			buildActionMask = 2147483647;
			files = (
			);
			inputPaths = (
				"${PODS_PODFILE_DIR_PATH}/Podfile.lock",
				"${PODS_ROOT}/Manifest.lock",
			);
			name = "[CP] Check Pods Manifest.lock";
			outputPaths = (
				"$(DERIVED_FILE_DIR)/Pods-instagramCloneTests-checkManifestLockResult.txt",
			);
			runOnlyForDeploymentPostprocessing = 0;
			shellPath = /bin/sh;
			shellScript = "diff \"${PODS_PODFILE_DIR_PATH}/Podfile.lock\" \"${PODS_ROOT}/Manifest.lock\" > /dev/null\nif [ $? != 0 ] ; then\n    # print error to STDERR\n    echo \"error: The sandbox is not in sync with the Podfile.lock. Run 'pod install' or update your CocoaPods installation.\" >&2\n    exit 1\nfi\n# This output is used by Xcode 'outputs' to avoid re-running this script phase.\necho \"SUCCESS\" > \"${SCRIPT_OUTPUT_FILE_0}\"\n";
			showEnvVarsInLog = 0;
		};
/* End PBXShellScriptBuildPhase section */

/* Begin PBXSourcesBuildPhase section */
		54F7D54B20F415FC00DAC502 /* Sources */ = {
			isa = PBXSourcesBuildPhase;
			buildActionMask = 2147483647;
			files = (
				54F7D59820F4366900DAC502 /* PicCell.m in Sources */,
				54F7D59220F4335600DAC502 /* CameraViewController.m in Sources */,
				54F7D56220F415FD00DAC502 /* main.m in Sources */,
				54F7D58C20F420F400DAC502 /* loginViewController.m in Sources */,
				54F7D55420F415FC00DAC502 /* AppDelegate.m in Sources */,
				54F7D58F20F42C9200DAC502 /* HomeViewController.m in Sources */,
				54F7D59B20F5296100DAC502 /* Post.m in Sources */,
				54F7D59E20F58B9100DAC502 /* DetailsViewController.m in Sources */,
			);
			runOnlyForDeploymentPostprocessing = 0;
		};
		54F7D56320F415FD00DAC502 /* Sources */ = {
			isa = PBXSourcesBuildPhase;
			buildActionMask = 2147483647;
			files = (
				54F7D56C20F415FD00DAC502 /* instagramCloneTests.m in Sources */,
			);
			runOnlyForDeploymentPostprocessing = 0;
		};
		54F7D56E20F415FD00DAC502 /* Sources */ = {
			isa = PBXSourcesBuildPhase;
			buildActionMask = 2147483647;
			files = (
				54F7D57720F415FD00DAC502 /* instagramCloneUITests.m in Sources */,
			);
			runOnlyForDeploymentPostprocessing = 0;
		};
/* End PBXSourcesBuildPhase section */

/* Begin PBXTargetDependency section */
		54F7D56920F415FD00DAC502 /* PBXTargetDependency */ = {
			isa = PBXTargetDependency;
			target = 54F7D54E20F415FC00DAC502 /* instagramClone */;
			targetProxy = 54F7D56820F415FD00DAC502 /* PBXContainerItemProxy */;
		};
		54F7D57420F415FD00DAC502 /* PBXTargetDependency */ = {
			isa = PBXTargetDependency;
			target = 54F7D54E20F415FC00DAC502 /* instagramClone */;
			targetProxy = 54F7D57320F415FD00DAC502 /* PBXContainerItemProxy */;
		};
/* End PBXTargetDependency section */

/* Begin PBXVariantGroup section */
		54F7D55820F415FC00DAC502 /* Main.storyboard */ = {
			isa = PBXVariantGroup;
			children = (
				54F7D55920F415FC00DAC502 /* Base */,
			);
			name = Main.storyboard;
			sourceTree = "<group>";
		};
		54F7D55D20F415FD00DAC502 /* LaunchScreen.storyboard */ = {
			isa = PBXVariantGroup;
			children = (
				54F7D55E20F415FD00DAC502 /* Base */,
			);
			name = LaunchScreen.storyboard;
			sourceTree = "<group>";
		};
/* End PBXVariantGroup section */

/* Begin XCBuildConfiguration section */
		54F7D57920F415FD00DAC502 /* Debug */ = {
			isa = XCBuildConfiguration;
			buildSettings = {
				ALWAYS_SEARCH_USER_PATHS = NO;
				CLANG_ANALYZER_NONNULL = YES;
				CLANG_ANALYZER_NUMBER_OBJECT_CONVERSION = YES_AGGRESSIVE;
				CLANG_CXX_LANGUAGE_STANDARD = "gnu++14";
				CLANG_CXX_LIBRARY = "libc++";
				CLANG_ENABLE_MODULES = YES;
				CLANG_ENABLE_OBJC_ARC = YES;
				CLANG_ENABLE_OBJC_WEAK = YES;
				CLANG_WARN_BLOCK_CAPTURE_AUTORELEASING = YES;
				CLANG_WARN_BOOL_CONVERSION = YES;
				CLANG_WARN_COMMA = YES;
				CLANG_WARN_CONSTANT_CONVERSION = YES;
				CLANG_WARN_DEPRECATED_OBJC_IMPLEMENTATIONS = YES;
				CLANG_WARN_DIRECT_OBJC_ISA_USAGE = YES_ERROR;
				CLANG_WARN_DOCUMENTATION_COMMENTS = YES;
				CLANG_WARN_EMPTY_BODY = YES;
				CLANG_WARN_ENUM_CONVERSION = YES;
				CLANG_WARN_INFINITE_RECURSION = YES;
				CLANG_WARN_INT_CONVERSION = YES;
				CLANG_WARN_NON_LITERAL_NULL_CONVERSION = YES;
				CLANG_WARN_OBJC_IMPLICIT_RETAIN_SELF = YES;
				CLANG_WARN_OBJC_LITERAL_CONVERSION = YES;
				CLANG_WARN_OBJC_ROOT_CLASS = YES_ERROR;
				CLANG_WARN_RANGE_LOOP_ANALYSIS = YES;
				CLANG_WARN_STRICT_PROTOTYPES = YES;
				CLANG_WARN_SUSPICIOUS_MOVE = YES;
				CLANG_WARN_UNGUARDED_AVAILABILITY = YES_AGGRESSIVE;
				CLANG_WARN_UNREACHABLE_CODE = YES;
				CLANG_WARN__DUPLICATE_METHOD_MATCH = YES;
				CODE_SIGN_IDENTITY = "iPhone Developer";
				COPY_PHASE_STRIP = NO;
				DEBUG_INFORMATION_FORMAT = dwarf;
				ENABLE_STRICT_OBJC_MSGSEND = YES;
				ENABLE_TESTABILITY = YES;
				GCC_C_LANGUAGE_STANDARD = gnu11;
				GCC_DYNAMIC_NO_PIC = NO;
				GCC_NO_COMMON_BLOCKS = YES;
				GCC_OPTIMIZATION_LEVEL = 0;
				GCC_PREPROCESSOR_DEFINITIONS = (
					"DEBUG=1",
					"$(inherited)",
				);
				GCC_WARN_64_TO_32_BIT_CONVERSION = YES;
				GCC_WARN_ABOUT_RETURN_TYPE = YES_ERROR;
				GCC_WARN_UNDECLARED_SELECTOR = YES;
				GCC_WARN_UNINITIALIZED_AUTOS = YES_AGGRESSIVE;
				GCC_WARN_UNUSED_FUNCTION = YES;
				GCC_WARN_UNUSED_VARIABLE = YES;
				IPHONEOS_DEPLOYMENT_TARGET = 11.4;
				MTL_ENABLE_DEBUG_INFO = YES;
				ONLY_ACTIVE_ARCH = YES;
				SDKROOT = iphoneos;
			};
			name = Debug;
		};
		54F7D57A20F415FD00DAC502 /* Release */ = {
			isa = XCBuildConfiguration;
			buildSettings = {
				ALWAYS_SEARCH_USER_PATHS = NO;
				CLANG_ANALYZER_NONNULL = YES;
				CLANG_ANALYZER_NUMBER_OBJECT_CONVERSION = YES_AGGRESSIVE;
				CLANG_CXX_LANGUAGE_STANDARD = "gnu++14";
				CLANG_CXX_LIBRARY = "libc++";
				CLANG_ENABLE_MODULES = YES;
				CLANG_ENABLE_OBJC_ARC = YES;
				CLANG_ENABLE_OBJC_WEAK = YES;
				CLANG_WARN_BLOCK_CAPTURE_AUTORELEASING = YES;
				CLANG_WARN_BOOL_CONVERSION = YES;
				CLANG_WARN_COMMA = YES;
				CLANG_WARN_CONSTANT_CONVERSION = YES;
				CLANG_WARN_DEPRECATED_OBJC_IMPLEMENTATIONS = YES;
				CLANG_WARN_DIRECT_OBJC_ISA_USAGE = YES_ERROR;
				CLANG_WARN_DOCUMENTATION_COMMENTS = YES;
				CLANG_WARN_EMPTY_BODY = YES;
				CLANG_WARN_ENUM_CONVERSION = YES;
				CLANG_WARN_INFINITE_RECURSION = YES;
				CLANG_WARN_INT_CONVERSION = YES;
				CLANG_WARN_NON_LITERAL_NULL_CONVERSION = YES;
				CLANG_WARN_OBJC_IMPLICIT_RETAIN_SELF = YES;
				CLANG_WARN_OBJC_LITERAL_CONVERSION = YES;
				CLANG_WARN_OBJC_ROOT_CLASS = YES_ERROR;
				CLANG_WARN_RANGE_LOOP_ANALYSIS = YES;
				CLANG_WARN_STRICT_PROTOTYPES = YES;
				CLANG_WARN_SUSPICIOUS_MOVE = YES;
				CLANG_WARN_UNGUARDED_AVAILABILITY = YES_AGGRESSIVE;
				CLANG_WARN_UNREACHABLE_CODE = YES;
				CLANG_WARN__DUPLICATE_METHOD_MATCH = YES;
				CODE_SIGN_IDENTITY = "iPhone Developer";
				COPY_PHASE_STRIP = NO;
				DEBUG_INFORMATION_FORMAT = "dwarf-with-dsym";
				ENABLE_NS_ASSERTIONS = NO;
				ENABLE_STRICT_OBJC_MSGSEND = YES;
				GCC_C_LANGUAGE_STANDARD = gnu11;
				GCC_NO_COMMON_BLOCKS = YES;
				GCC_WARN_64_TO_32_BIT_CONVERSION = YES;
				GCC_WARN_ABOUT_RETURN_TYPE = YES_ERROR;
				GCC_WARN_UNDECLARED_SELECTOR = YES;
				GCC_WARN_UNINITIALIZED_AUTOS = YES_AGGRESSIVE;
				GCC_WARN_UNUSED_FUNCTION = YES;
				GCC_WARN_UNUSED_VARIABLE = YES;
				IPHONEOS_DEPLOYMENT_TARGET = 11.4;
				MTL_ENABLE_DEBUG_INFO = NO;
				SDKROOT = iphoneos;
				VALIDATE_PRODUCT = YES;
			};
			name = Release;
		};
		54F7D57C20F415FD00DAC502 /* Debug */ = {
			isa = XCBuildConfiguration;
			baseConfigurationReference = 78EA6DE523902196B8CD8A36 /* Pods-instagramClone.debug.xcconfig */;
			buildSettings = {
				ASSETCATALOG_COMPILER_APPICON_NAME = AppIcon;
				CODE_SIGN_STYLE = Automatic;
				DEVELOPMENT_TEAM = 772CD6W863;
				INFOPLIST_FILE = "$(SRCROOT)/instagramClone/Models/Info.plist";
				LD_RUNPATH_SEARCH_PATHS = (
					"$(inherited)",
					"@executable_path/Frameworks",
				);
				PRODUCT_BUNDLE_IDENTIFIER = FBU.instagramClone;
				PRODUCT_NAME = "$(TARGET_NAME)";
				TARGETED_DEVICE_FAMILY = "1,2";
			};
			name = Debug;
		};
		54F7D57D20F415FD00DAC502 /* Release */ = {
			isa = XCBuildConfiguration;
			baseConfigurationReference = 89DB4562EDDCFED9A83550F9 /* Pods-instagramClone.release.xcconfig */;
			buildSettings = {
				ASSETCATALOG_COMPILER_APPICON_NAME = AppIcon;
				CODE_SIGN_STYLE = Automatic;
				DEVELOPMENT_TEAM = 772CD6W863;
				INFOPLIST_FILE = "$(SRCROOT)/instagramClone/Models/Info.plist";
				LD_RUNPATH_SEARCH_PATHS = (
					"$(inherited)",
					"@executable_path/Frameworks",
				);
				PRODUCT_BUNDLE_IDENTIFIER = FBU.instagramClone;
				PRODUCT_NAME = "$(TARGET_NAME)";
				TARGETED_DEVICE_FAMILY = "1,2";
			};
			name = Release;
		};
		54F7D57F20F415FD00DAC502 /* Debug */ = {
			isa = XCBuildConfiguration;
			baseConfigurationReference = 5E3C7661C1715FFE3BBAD7B2 /* Pods-instagramCloneTests.debug.xcconfig */;
			buildSettings = {
				BUNDLE_LOADER = "$(TEST_HOST)";
				CODE_SIGN_STYLE = Automatic;
				DEVELOPMENT_TEAM = 772CD6W863;
				INFOPLIST_FILE = instagramCloneTests/Info.plist;
				LD_RUNPATH_SEARCH_PATHS = (
					"$(inherited)",
					"@executable_path/Frameworks",
					"@loader_path/Frameworks",
				);
				PRODUCT_BUNDLE_IDENTIFIER = FBU.instagramCloneTests;
				PRODUCT_NAME = "$(TARGET_NAME)";
				TARGETED_DEVICE_FAMILY = "1,2";
				TEST_HOST = "$(BUILT_PRODUCTS_DIR)/instagramClone.app/instagramClone";
			};
			name = Debug;
		};
		54F7D58020F415FD00DAC502 /* Release */ = {
			isa = XCBuildConfiguration;
			baseConfigurationReference = 6754AD22E20DB6FCAF949499 /* Pods-instagramCloneTests.release.xcconfig */;
			buildSettings = {
				BUNDLE_LOADER = "$(TEST_HOST)";
				CODE_SIGN_STYLE = Automatic;
				DEVELOPMENT_TEAM = 772CD6W863;
				INFOPLIST_FILE = instagramCloneTests/Info.plist;
				LD_RUNPATH_SEARCH_PATHS = (
					"$(inherited)",
					"@executable_path/Frameworks",
					"@loader_path/Frameworks",
				);
				PRODUCT_BUNDLE_IDENTIFIER = FBU.instagramCloneTests;
				PRODUCT_NAME = "$(TARGET_NAME)";
				TARGETED_DEVICE_FAMILY = "1,2";
				TEST_HOST = "$(BUILT_PRODUCTS_DIR)/instagramClone.app/instagramClone";
			};
			name = Release;
		};
		54F7D58220F415FD00DAC502 /* Debug */ = {
			isa = XCBuildConfiguration;
			baseConfigurationReference = 4FD61CF8B7C470218ABE4970 /* Pods-instagramCloneUITests.debug.xcconfig */;
			buildSettings = {
				CODE_SIGN_STYLE = Automatic;
				DEVELOPMENT_TEAM = 772CD6W863;
				INFOPLIST_FILE = instagramCloneUITests/Info.plist;
				LD_RUNPATH_SEARCH_PATHS = (
					"$(inherited)",
					"@executable_path/Frameworks",
					"@loader_path/Frameworks",
				);
				PRODUCT_BUNDLE_IDENTIFIER = FBU.instagramCloneUITests;
				PRODUCT_NAME = "$(TARGET_NAME)";
				TARGETED_DEVICE_FAMILY = "1,2";
				TEST_TARGET_NAME = instagramClone;
			};
			name = Debug;
		};
		54F7D58320F415FD00DAC502 /* Release */ = {
			isa = XCBuildConfiguration;
			baseConfigurationReference = 548790EEADEB0EE37E833074 /* Pods-instagramCloneUITests.release.xcconfig */;
			buildSettings = {
				CODE_SIGN_STYLE = Automatic;
				DEVELOPMENT_TEAM = 772CD6W863;
				INFOPLIST_FILE = instagramCloneUITests/Info.plist;
				LD_RUNPATH_SEARCH_PATHS = (
					"$(inherited)",
					"@executable_path/Frameworks",
					"@loader_path/Frameworks",
				);
				PRODUCT_BUNDLE_IDENTIFIER = FBU.instagramCloneUITests;
				PRODUCT_NAME = "$(TARGET_NAME)";
				TARGETED_DEVICE_FAMILY = "1,2";
				TEST_TARGET_NAME = instagramClone;
			};
			name = Release;
		};
/* End XCBuildConfiguration section */

/* Begin XCConfigurationList section */
		54F7D54A20F415FC00DAC502 /* Build configuration list for PBXProject "instagramClone" */ = {
			isa = XCConfigurationList;
			buildConfigurations = (
				54F7D57920F415FD00DAC502 /* Debug */,
				54F7D57A20F415FD00DAC502 /* Release */,
			);
			defaultConfigurationIsVisible = 0;
			defaultConfigurationName = Release;
		};
		54F7D57B20F415FD00DAC502 /* Build configuration list for PBXNativeTarget "instagramClone" */ = {
			isa = XCConfigurationList;
			buildConfigurations = (
				54F7D57C20F415FD00DAC502 /* Debug */,
				54F7D57D20F415FD00DAC502 /* Release */,
			);
			defaultConfigurationIsVisible = 0;
			defaultConfigurationName = Release;
		};
		54F7D57E20F415FD00DAC502 /* Build configuration list for PBXNativeTarget "instagramCloneTests" */ = {
			isa = XCConfigurationList;
			buildConfigurations = (
				54F7D57F20F415FD00DAC502 /* Debug */,
				54F7D58020F415FD00DAC502 /* Release */,
			);
			defaultConfigurationIsVisible = 0;
			defaultConfigurationName = Release;
		};
		54F7D58120F415FD00DAC502 /* Build configuration list for PBXNativeTarget "instagramCloneUITests" */ = {
			isa = XCConfigurationList;
			buildConfigurations = (
				54F7D58220F415FD00DAC502 /* Debug */,
				54F7D58320F415FD00DAC502 /* Release */,
			);
			defaultConfigurationIsVisible = 0;
			defaultConfigurationName = Release;
		};
/* End XCConfigurationList section */
	};
	rootObject = 54F7D54720F415FC00DAC502 /* Project object */;
}
